
Microsoft Visual Studio Solution File, Format Version 12.00
# Visual Studio Version 17
VisualStudioVersion = 17.8.34322.80
MinimumVisualStudioVersion = 10.0.40219.1
Project("{2150E333-8FDC-42A3-9474-1A3956D46DE8}") = "01 Host", "01 Host", "{97712363-14A7-4F70-B701-4E6A1F4FA0AF}"
EndProject
Project("{2150E333-8FDC-42A3-9474-1A3956D46DE8}") = "02 Domain", "02 Domain", "{51F517E2-7B52-470F-A945-9784C2064EB4}"
EndProject
Project("{2150E333-8FDC-42A3-9474-1A3956D46DE8}") = "03 Infra", "03 Infra", "{B418DBE1-44B2-4F3E-968F-8B20E456A5E8}"
EndProject
Project("{2150E333-8FDC-42A3-9474-1A3956D46DE8}") = "Worker", "Worker", "{EE5BB692-CADA-42A8-B002-28F6798662AB}"
EndProject
Project("{FAE04EC0-301F-11D3-BF4B-00C04F79EFBC}") = "SindicatosWorker.Aaspa", "WORKER.AASPA\SindicatosWorker.Aaspa\SindicatosWorker.Aaspa.csproj", "{4BE62EE1-C5C9-4231-A44B-4322BB7EEF0F}"
EndProject
Project("{FAE04EC0-301F-11D3-BF4B-00C04F79EFBC}") = "SindicatosWorker.Aaspa.Repository", "WORKER.AASPA\SindicatosWorker.Aaspa.Repository\SindicatosWorker.Aaspa.Repository.csproj", "{8D8C335E-5A6C-46B4-A5F5-4EA8BAF470B9}"
EndProject
Project("{FAE04EC0-301F-11D3-BF4B-00C04F79EFBC}") = "AASPA", "ADM.AASPA\AASPA\AASPA.csproj", "{B7FC2BD4-CCA2-4F47-AFD1-124542A29820}"
EndProject
Project("{FAE04EC0-301F-11D3-BF4B-00C04F79EFBC}") = "AASPA.Domain", "ADM.AASPA\AASPA.Domain\AASPA.Domain.csproj", "{05A293D5-492F-463A-85A6-BE866FEFD731}"
EndProject
Project("{FAE04EC0-301F-11D3-BF4B-00C04F79EFBC}") = "AASPA.Models", "ADM.AASPA\AASPA.Models\AASPA.Models.csproj", "{A2DDCD8E-23BF-4491-AD24-7B4AB64D5798}"
EndProject
Project("{FAE04EC0-301F-11D3-BF4B-00C04F79EFBC}") = "AASPA.Repository", "ADM.AASPA\AASPA.Repository\AASPA.Repository.csproj", "{A5DC344A-33AF-4EE4-A041-359F5391CF43}"
EndProject
Project("{2150E333-8FDC-42A3-9474-1A3956D46DE8}") = "Sindicato", "Sindicato", "{FC35FEB7-7CCF-436A-AF6C-075B732A743B}"
EndProject
Global
	GlobalSection(SolutionConfigurationPlatforms) = preSolution
		Debug|Any CPU = Debug|Any CPU
		Release|Any CPU = Release|Any CPU
	EndGlobalSection
	GlobalSection(ProjectConfigurationPlatforms) = postSolution
		{4BE62EE1-C5C9-4231-A44B-4322BB7EEF0F}.Debug|Any CPU.ActiveCfg = Debug|Any CPU
		{4BE62EE1-C5C9-4231-A44B-4322BB7EEF0F}.Debug|Any CPU.Build.0 = Debug|Any CPU
		{4BE62EE1-C5C9-4231-A44B-4322BB7EEF0F}.Release|Any CPU.ActiveCfg = Release|Any CPU
		{4BE62EE1-C5C9-4231-A44B-4322BB7EEF0F}.Release|Any CPU.Build.0 = Release|Any CPU
		{8D8C335E-5A6C-46B4-A5F5-4EA8BAF470B9}.Debug|Any CPU.ActiveCfg = Debug|Any CPU
		{8D8C335E-5A6C-46B4-A5F5-4EA8BAF470B9}.Debug|Any CPU.Build.0 = Debug|Any CPU
		{8D8C335E-5A6C-46B4-A5F5-4EA8BAF470B9}.Release|Any CPU.ActiveCfg = Release|Any CPU
		{8D8C335E-5A6C-46B4-A5F5-4EA8BAF470B9}.Release|Any CPU.Build.0 = Release|Any CPU
		{B7FC2BD4-CCA2-4F47-AFD1-124542A29820}.Debug|Any CPU.ActiveCfg = Debug|Any CPU
		{B7FC2BD4-CCA2-4F47-AFD1-124542A29820}.Debug|Any CPU.Build.0 = Debug|Any CPU
		{B7FC2BD4-CCA2-4F47-AFD1-124542A29820}.Release|Any CPU.ActiveCfg = Release|Any CPU
		{B7FC2BD4-CCA2-4F47-AFD1-124542A29820}.Release|Any CPU.Build.0 = Release|Any CPU
		{05A293D5-492F-463A-85A6-BE866FEFD731}.Debug|Any CPU.ActiveCfg = Debug|Any CPU
		{05A293D5-492F-463A-85A6-BE866FEFD731}.Debug|Any CPU.Build.0 = Debug|Any CPU
		{05A293D5-492F-463A-85A6-BE866FEFD731}.Release|Any CPU.ActiveCfg = Release|Any CPU
		{05A293D5-492F-463A-85A6-BE866FEFD731}.Release|Any CPU.Build.0 = Release|Any CPU
		{A2DDCD8E-23BF-4491-AD24-7B4AB64D5798}.Debug|Any CPU.ActiveCfg = Debug|Any CPU
		{A2DDCD8E-23BF-4491-AD24-7B4AB64D5798}.Debug|Any CPU.Build.0 = Debug|Any CPU
		{A2DDCD8E-23BF-4491-AD24-7B4AB64D5798}.Release|Any CPU.ActiveCfg = Release|Any CPU
		{A2DDCD8E-23BF-4491-AD24-7B4AB64D5798}.Release|Any CPU.Build.0 = Release|Any CPU
		{A5DC344A-33AF-4EE4-A041-359F5391CF43}.Debug|Any CPU.ActiveCfg = Debug|Any CPU
		{A5DC344A-33AF-4EE4-A041-359F5391CF43}.Debug|Any CPU.Build.0 = Debug|Any CPU
		{A5DC344A-33AF-4EE4-A041-359F5391CF43}.Release|Any CPU.ActiveCfg = Release|Any CPU
		{A5DC344A-33AF-4EE4-A041-359F5391CF43}.Release|Any CPU.Build.0 = Release|Any CPU
	EndGlobalSection
	GlobalSection(SolutionProperties) = preSolution
		HideSolutionNode = FALSE
	EndGlobalSection
	GlobalSection(NestedProjects) = preSolution
		{4BE62EE1-C5C9-4231-A44B-4322BB7EEF0F} = {FC35FEB7-7CCF-436A-AF6C-075B732A743B}
		{8D8C335E-5A6C-46B4-A5F5-4EA8BAF470B9} = {FC35FEB7-7CCF-436A-AF6C-075B732A743B}
		{B7FC2BD4-CCA2-4F47-AFD1-124542A29820} = {97712363-14A7-4F70-B701-4E6A1F4FA0AF}
		{05A293D5-492F-463A-85A6-BE866FEFD731} = {51F517E2-7B52-470F-A945-9784C2064EB4}
		{A2DDCD8E-23BF-4491-AD24-7B4AB64D5798} = {51F517E2-7B52-470F-A945-9784C2064EB4}
		{A5DC344A-33AF-4EE4-A041-359F5391CF43} = {B418DBE1-44B2-4F3E-968F-8B20E456A5E8}
		{FC35FEB7-7CCF-436A-AF6C-075B732A743B} = {EE5BB692-CADA-42A8-B002-28F6798662AB}
	EndGlobalSection
	GlobalSection(ExtensibilityGlobals) = postSolution
		SolutionGuid = {FDE4014F-A17C-4ADC-8FD5-D3000A204D89}
	EndGlobalSection
EndGlobal
